
Microsoft Visual Studio Solution File, Format Version 12.00
# Visual Studio Version 17
VisualStudioVersion = 17.5.002.0
MinimumVisualStudioVersion = 10.0.40219.1
Project("{9A19103F-16F7-4668-BE54-9A1E7A4F7556}") = "basic_13", "basic_13.csproj", "{84E033D7-387A-4A24-BA9F-8D99FB4F8FCD}"
EndProject
Global
	GlobalSection(SolutionConfigurationPlatforms) = preSolution
		Debug|Any CPU = Debug|Any CPU
		Release|Any CPU = Release|Any CPU
	EndGlobalSection
	GlobalSection(ProjectConfigurationPlatforms) = postSolution
		{84E033D7-387A-4A24-BA9F-8D99FB4F8FCD}.Debug|Any CPU.ActiveCfg = Debug|Any CPU
		{84E033D7-387A-4A24-BA9F-8D99FB4F8FCD}.Debug|Any CPU.Build.0 = Debug|Any CPU
		{84E033D7-387A-4A24-BA9F-8D99FB4F8FCD}.Release|Any CPU.ActiveCfg = Release|Any CPU
		{84E033D7-387A-4A24-BA9F-8D99FB4F8FCD}.Release|Any CPU.Build.0 = Release|Any CPU
	EndGlobalSection
	GlobalSection(SolutionProperties) = preSolution
		HideSolutionNode = FALSE
	EndGlobalSection
	GlobalSection(ExtensibilityGlobals) = postSolution
		SolutionGuid = {9FE77F34-23E7-48BB-8C20-BBD2F045F8DD}
	EndGlobalSection
EndGlobal
